version = 1
revision = 3
requires-python = ">=3.14"

[[package]]
name = "kohler"
version = "0.1.1"
source = { registry = "https://pypi.org/simple" }
sdist = { url = "https://files.pythonhosted.org/packages/e0/22/757eaf9700dacbb981def15fae3fb07302481500081214806dbca4a35544/kohler-0.1.1.tar.gz", hash = "sha256:5b8946225c4a11cc7ed8b92c911dbffccd3eddbef1a3b57e9e4f21bee5dbb039", size = 15152, upload-time = "2026-03-19T17:54:40.093Z" }
wheels = [
    { url = "https://files.pythonhosted.org/packages/ad/ba/760094d9ed564ee6943bc81664f5ee6dd4f3b5e72f1828d00f349e1a9495/kohler-0.1.1-py3-none-any.whl", hash = "sha256:3831081f8a41c0155fe0101725666240b6985b8eebfa2b0d0179017495f570ca", size = 11747, upload-time = "2026-03-19T17:54:38.541Z" },
]

[[package]]
name = "kohler-ha"
version = "0.5.1"
source = { editable = "." }
dependencies = [
    { name = "kohler" },
]

[package.metadata]
requires-dist = [{ name = "kohler", specifier = ">=0.1.1" }]
