version = 1
revision = 3
requires-python = ">=3.14"

[[package]]
name = "kohler"
version = "0.1.0"
source = { registry = "https://pypi.org/simple" }
sdist = { url = "https://files.pythonhosted.org/packages/e0/aa/5059bdd3c42ff3c9f25329c64b80a151edd9080a7f49c1e0bc32981234b4/kohler-0.1.0.tar.gz", hash = "sha256:08c01e38974aa5a0e943298aabcab33ae54967e0711b226dd1c6e61d602b4f6a", size = 12994, upload-time = "2026-03-19T00:15:35.258Z" }
wheels = [
    { url = "https://files.pythonhosted.org/packages/8e/8d/fd23af6aa9928996cd0457bf402b1123e6086f90447125e367d57ff37820/kohler-0.1.0-py3-none-any.whl", hash = "sha256:29368c256c5eb7d865871c177ac5b96562516f2c5f7f740c5a44d99541b18217", size = 10433, upload-time = "2026-03-19T00:15:34.194Z" },
]

[[package]]
name = "kohler-ha"
version = "0.5.0"
source = { editable = "." }
dependencies = [
    { name = "kohler" },
]

[package.metadata]
requires-dist = [{ name = "kohler", specifier = ">=0.1.0" }]
